// !$*UTF8*$!
{
	archiveVersion = 1;
	classes = {
	};
	objectVersion = 54;
	objects = {

/* Begin PBXBuildFile section */
		6F093CA826CFF42E0091A4B7 /* SettingsTest.swift in Sources */ = {isa = PBXBuildFile; fileRef = 6F093CA726CFF42E0091A4B7 /* SettingsTest.swift */; };
		6F093CAA26CFF7DA0091A4B7 /* ClockConfiguration.swift in Sources */ = {isa = PBXBuildFile; fileRef = 6F093CA926CFF7DA0091A4B7 /* ClockConfiguration.swift */; };
		6F093CAB26CFF7DA0091A4B7 /* ClockConfiguration.swift in Sources */ = {isa = PBXBuildFile; fileRef = 6F093CA926CFF7DA0091A4B7 /* ClockConfiguration.swift */; };
		6F1BBB4B24B779ED0092A54D /* Julian.swift in Sources */ = {isa = PBXBuildFile; fileRef = 6F1BBB4A24B779ED0092A54D /* Julian.swift */; };
		6F1BBB4D24B77AB10092A54D /* JulianDayTest.swift in Sources */ = {isa = PBXBuildFile; fileRef = 6F1BBB4C24B77AB10092A54D /* JulianDayTest.swift */; };
		6F1BBB4E24B77B350092A54D /* Julian.swift in Sources */ = {isa = PBXBuildFile; fileRef = 6F1BBB4A24B779ED0092A54D /* Julian.swift */; };
		6F1BBB5024B7987B0092A54D /* Arcs.swift in Sources */ = {isa = PBXBuildFile; fileRef = 6F1BBB4F24B7987B0092A54D /* Arcs.swift */; };
		6F1BBB5224B79B2A0092A54D /* ArcsTest.swift in Sources */ = {isa = PBXBuildFile; fileRef = 6F1BBB5124B79B2A0092A54D /* ArcsTest.swift */; };
		6F1BBB5324B79C070092A54D /* Arcs.swift in Sources */ = {isa = PBXBuildFile; fileRef = 6F1BBB4F24B7987B0092A54D /* Arcs.swift */; };
		6F24FD9E245D2D6A0006590A /* BellSoundFile.swift in Sources */ = {isa = PBXBuildFile; fileRef = 6F24FD9D245D2D6A0006590A /* BellSoundFile.swift */; };
		6F24FDA4245E48480006590A /* sounds in Resources */ = {isa = PBXBuildFile; fileRef = 6F24FDA3245E48480006590A /* sounds */; };
		6F24FDA9245E48730006590A /* NOTICE.md in Resources */ = {isa = PBXBuildFile; fileRef = 6F24FDA6245E48730006590A /* NOTICE.md */; };
		6F24FDAA245E48730006590A /* README.md in Resources */ = {isa = PBXBuildFile; fileRef = 6F24FDA7245E48730006590A /* README.md */; };
		6F24FDAB245E48730006590A /* LICENSE in Resources */ = {isa = PBXBuildFile; fileRef = 6F24FDA8245E48730006590A /* LICENSE */; };
		6F37A35F27339E190016A38C /* ClockUTC.swift in Sources */ = {isa = PBXBuildFile; fileRef = 6F37A35E27339E190016A38C /* ClockUTC.swift */; };
		6F40411C247F47CB00B1BF5D /* ClockBackground.swift in Sources */ = {isa = PBXBuildFile; fileRef = 6F40411B247F47CB00B1BF5D /* ClockBackground.swift */; };
		6F40411E247F47DE00B1BF5D /* ClockHands.swift in Sources */ = {isa = PBXBuildFile; fileRef = 6F40411D247F47DE00B1BF5D /* ClockHands.swift */; };
		6F4041202485DB4700B1BF5D /* ClockSun.swift in Sources */ = {isa = PBXBuildFile; fileRef = 6F40411F2485DB4700B1BF5D /* ClockSun.swift */; };
		6F404123248BD0D600B1BF5D /* SunCalcTest.swift in Sources */ = {isa = PBXBuildFile; fileRef = 6F404122248BD0D600B1BF5D /* SunCalcTest.swift */; };
		6F4758892561608200E78298 /* CelestialTime.swift in Sources */ = {isa = PBXBuildFile; fileRef = 6F4758882561608200E78298 /* CelestialTime.swift */; };
		6F47588A2561608200E78298 /* CelestialTime.swift in Sources */ = {isa = PBXBuildFile; fileRef = 6F4758882561608200E78298 /* CelestialTime.swift */; };
		6F5F631A24D1E4B900172BC4 /* MoonCalculator.swift in Sources */ = {isa = PBXBuildFile; fileRef = 6F5F631924D1E4B900172BC4 /* MoonCalculator.swift */; };
		6F5F631C24D47E3A00172BC4 /* MoonCalcTest.swift in Sources */ = {isa = PBXBuildFile; fileRef = 6F5F631B24D47E3A00172BC4 /* MoonCalcTest.swift */; };
		6F5F631D24D481B100172BC4 /* MoonCalculator.swift in Sources */ = {isa = PBXBuildFile; fileRef = 6F5F631924D1E4B900172BC4 /* MoonCalculator.swift */; };
		6F6029442726F65C009359D4 /* ClockGeometry.swift in Sources */ = {isa = PBXBuildFile; fileRef = 6F6029432726F65C009359D4 /* ClockGeometry.swift */; };
		6F73EBC328C594880049C1BF /* ClockModel.swift in Sources */ = {isa = PBXBuildFile; fileRef = 6F73EBC228C594880049C1BF /* ClockModel.swift */; };
		6F77AF04244FDD4E0070DB57 /* ShipsClock.swift in Sources */ = {isa = PBXBuildFile; fileRef = 6F77AF03244FDD4E0070DB57 /* ShipsClock.swift */; };
		6F7DAC21259430830053E24C /* LocationFormatterTest.swift in Sources */ = {isa = PBXBuildFile; fileRef = 6F7DAC20259430830053E24C /* LocationFormatterTest.swift */; };
		6F7DAC26259431510053E24C /* LocationFormatter.swift in Sources */ = {isa = PBXBuildFile; fileRef = 6F7DAC25259431510053E24C /* LocationFormatter.swift */; };
		6F7DAC27259431510053E24C /* LocationFormatter.swift in Sources */ = {isa = PBXBuildFile; fileRef = 6F7DAC25259431510053E24C /* LocationFormatter.swift */; };
		6F8FEC8F2469B3D300A1FAE7 /* BellRinger.swift in Sources */ = {isa = PBXBuildFile; fileRef = 6F8FEC8E2469B3D300A1FAE7 /* BellRinger.swift */; };
		6F8FEC97246C1F9F00A1FAE7 /* LocationTracker.swift in Sources */ = {isa = PBXBuildFile; fileRef = 6F8FEC96246C1F9F00A1FAE7 /* LocationTracker.swift */; };
		6F8FEC99246C4FE000A1FAE7 /* SituationDisplay.swift in Sources */ = {isa = PBXBuildFile; fileRef = 6F8FEC98246C4FE000A1FAE7 /* SituationDisplay.swift */; };
		6F94C92E2ACE0764005C1A8E /* NotifierRinger.swift in Sources */ = {isa = PBXBuildFile; fileRef = 6F94C92D2ACE0764005C1A8E /* NotifierRinger.swift */; };
		6F94CAD628C5065100941D26 /* CelestialComputer.swift in Sources */ = {isa = PBXBuildFile; fileRef = 6FCCEE872497051A00F18212 /* CelestialComputer.swift */; };
		6F9877A12ACEEDB700605AF6 /* UpdatableClock.swift in Sources */ = {isa = PBXBuildFile; fileRef = 6FB8A1362AB3ABCA003D4FF8 /* UpdatableClock.swift */; };
		6FAC63B8256C1EF800C2C834 /* MoonPhase.swift in Sources */ = {isa = PBXBuildFile; fileRef = 6FAC63B7256C1EF800C2C834 /* MoonPhase.swift */; };
		6FAC63BD256C419400C2C834 /* MoonPhaseTest.swift in Sources */ = {isa = PBXBuildFile; fileRef = 6FAC63BC256C419400C2C834 /* MoonPhaseTest.swift */; };
		6FAC63C1256C424E00C2C834 /* MoonPhase.swift in Sources */ = {isa = PBXBuildFile; fileRef = 6FAC63B7256C1EF800C2C834 /* MoonPhase.swift */; };
		6FAECDAA2565897300B91A82 /* EclToEqu.swift in Sources */ = {isa = PBXBuildFile; fileRef = 6FAECDA92565897300B91A82 /* EclToEqu.swift */; };
		6FAECDAB2565897300B91A82 /* EclToEqu.swift in Sources */ = {isa = PBXBuildFile; fileRef = 6FAECDA92565897300B91A82 /* EclToEqu.swift */; };
		6FAECDB025658BFC00B91A82 /* EclToEquTest.swift in Sources */ = {isa = PBXBuildFile; fileRef = 6FAECDAF25658BFC00B91A82 /* EclToEquTest.swift */; };
		6FAECDBB2566C0E800B91A82 /* CelestialTimeTest.swift in Sources */ = {isa = PBXBuildFile; fileRef = 6FAECDBA2566C0E800B91A82 /* CelestialTimeTest.swift */; };
		6FAECDC02568138100B91A82 /* ClockMoon.swift in Sources */ = {isa = PBXBuildFile; fileRef = 6FAECDBF2568138100B91A82 /* ClockMoon.swift */; };
		6FB8A1322AB380E7003D4FF8 /* TimeModel.swift in Sources */ = {isa = PBXBuildFile; fileRef = 6FB8A1302AB3806F003D4FF8 /* TimeModel.swift */; };
		6FB8A1332AB380EC003D4FF8 /* TimeModel.swift in Sources */ = {isa = PBXBuildFile; fileRef = 6FB8A1302AB3806F003D4FF8 /* TimeModel.swift */; };
		6FB8A1352AB3A4DB003D4FF8 /* TimerTicker.swift in Sources */ = {isa = PBXBuildFile; fileRef = 6FB8A1342AB3A4DB003D4FF8 /* TimerTicker.swift */; };
		6FB8A1372AB3ABCA003D4FF8 /* UpdatableClock.swift in Sources */ = {isa = PBXBuildFile; fileRef = 6FB8A1362AB3ABCA003D4FF8 /* UpdatableClock.swift */; };
		6FB9E6AA28C50E050089E60C /* LocationTracker.swift in Sources */ = {isa = PBXBuildFile; fileRef = 6F8FEC96246C1F9F00A1FAE7 /* LocationTracker.swift */; };
		6FCCEE85249652D800F18212 /* SunCalculator.swift in Sources */ = {isa = PBXBuildFile; fileRef = 6FCCEE84249652D800F18212 /* SunCalculator.swift */; };
		6FCCEE862496531D00F18212 /* SunCalculator.swift in Sources */ = {isa = PBXBuildFile; fileRef = 6FCCEE84249652D800F18212 /* SunCalculator.swift */; };
		6FCCEE882497051A00F18212 /* CelestialComputer.swift in Sources */ = {isa = PBXBuildFile; fileRef = 6FCCEE872497051A00F18212 /* CelestialComputer.swift */; };
		6FE9AFAD243F9CA8002B45BA /* AppDelegate.swift in Sources */ = {isa = PBXBuildFile; fileRef = 6FE9AFAC243F9CA8002B45BA /* AppDelegate.swift */; };
		6FE9AFAF243F9CA8002B45BA /* SceneDelegate.swift in Sources */ = {isa = PBXBuildFile; fileRef = 6FE9AFAE243F9CA8002B45BA /* SceneDelegate.swift */; };
		6FE9AFB1243F9CA8002B45BA /* ContentView.swift in Sources */ = {isa = PBXBuildFile; fileRef = 6FE9AFB0243F9CA8002B45BA /* ContentView.swift */; };
		6FE9AFB3243F9CAA002B45BA /* Assets.xcassets in Resources */ = {isa = PBXBuildFile; fileRef = 6FE9AFB2243F9CAA002B45BA /* Assets.xcassets */; };
		6FE9AFB6243F9CAA002B45BA /* Preview Assets.xcassets in Resources */ = {isa = PBXBuildFile; fileRef = 6FE9AFB5243F9CAA002B45BA /* Preview Assets.xcassets */; };
		6FE9AFB9243F9CAA002B45BA /* LaunchScreen.storyboard in Resources */ = {isa = PBXBuildFile; fileRef = 6FE9AFB7243F9CAA002B45BA /* LaunchScreen.storyboard */; };
		6FE9AFCF243F9CAA002B45BA /* ShipsClockUITests.swift in Sources */ = {isa = PBXBuildFile; fileRef = 6FE9AFCE243F9CAA002B45BA /* ShipsClockUITests.swift */; };
		6FE9AFDF243FBB79002B45BA /* ClockFace.swift in Sources */ = {isa = PBXBuildFile; fileRef = 6FE9AFDE243FBB79002B45BA /* ClockFace.swift */; };
/* End PBXBuildFile section */

/* Begin PBXContainerItemProxy section */
		6FE9AFC0243F9CAA002B45BA /* PBXContainerItemProxy */ = {
			isa = PBXContainerItemProxy;
			containerPortal = 6FE9AFA1243F9CA8002B45BA /* Project object */;
			proxyType = 1;
			remoteGlobalIDString = 6FE9AFA8243F9CA8002B45BA;
			remoteInfo = ShipsClock;
		};
		6FE9AFCB243F9CAA002B45BA /* PBXContainerItemProxy */ = {
			isa = PBXContainerItemProxy;
			containerPortal = 6FE9AFA1243F9CA8002B45BA /* Project object */;
			proxyType = 1;
			remoteGlobalIDString = 6FE9AFA8243F9CA8002B45BA;
			remoteInfo = ShipsClock;
		};
/* End PBXContainerItemProxy section */

/* Begin PBXCopyFilesBuildPhase section */
		6F19EEA928B9AC12009C0738 /* Embed Watch Content */ = {
			isa = PBXCopyFilesBuildPhase;
			buildActionMask = 2147483647;
			dstPath = "$(CONTENTS_FOLDER_PATH)/Watch";
			dstSubfolderSpec = 16;
			files = (
			);
			name = "Embed Watch Content";
			runOnlyForDeploymentPostprocessing = 0;
		};
		6F60291A2726D794009359D4 /* Embed Foundation Extensions */ = {
			isa = PBXCopyFilesBuildPhase;
			buildActionMask = 2147483647;
			dstPath = "";
			dstSubfolderSpec = 13;
			files = (
			);
			name = "Embed Foundation Extensions";
			runOnlyForDeploymentPostprocessing = 0;
		};
		6F60293F2726EE0F009359D4 /* Embed Frameworks */ = {
			isa = PBXCopyFilesBuildPhase;
			buildActionMask = 2147483647;
			dstPath = "";
			dstSubfolderSpec = 10;
			files = (
			);
			name = "Embed Frameworks";
			runOnlyForDeploymentPostprocessing = 0;
		};
/* End PBXCopyFilesBuildPhase section */

/* Begin PBXFileReference section */
		6F093CA726CFF42E0091A4B7 /* SettingsTest.swift */ = {isa = PBXFileReference; lastKnownFileType = sourcecode.swift; path = SettingsTest.swift; sourceTree = "<group>"; };
		6F093CA926CFF7DA0091A4B7 /* ClockConfiguration.swift */ = {isa = PBXFileReference; lastKnownFileType = sourcecode.swift; path = ClockConfiguration.swift; sourceTree = "<group>"; };
		6F1BBB4A24B779ED0092A54D /* Julian.swift */ = {isa = PBXFileReference; lastKnownFileType = sourcecode.swift; path = Julian.swift; sourceTree = "<group>"; };
		6F1BBB4C24B77AB10092A54D /* JulianDayTest.swift */ = {isa = PBXFileReference; lastKnownFileType = sourcecode.swift; path = JulianDayTest.swift; sourceTree = "<group>"; };
		6F1BBB4F24B7987B0092A54D /* Arcs.swift */ = {isa = PBXFileReference; lastKnownFileType = sourcecode.swift; path = Arcs.swift; sourceTree = "<group>"; };
		6F1BBB5124B79B2A0092A54D /* ArcsTest.swift */ = {isa = PBXFileReference; lastKnownFileType = sourcecode.swift; path = ArcsTest.swift; sourceTree = "<group>"; };
		6F24FD9D245D2D6A0006590A /* BellSoundFile.swift */ = {isa = PBXFileReference; lastKnownFileType = sourcecode.swift; path = BellSoundFile.swift; sourceTree = "<group>"; };
		6F24FDA3245E48480006590A /* sounds */ = {isa = PBXFileReference; fileEncoding = 4; lastKnownFileType = text; path = sounds; sourceTree = SOURCE_ROOT; };
		6F24FDA5245E485D0006590A /* docs */ = {isa = PBXFileReference; lastKnownFileType = text; path = docs; sourceTree = SOURCE_ROOT; };
		6F24FDA6245E48730006590A /* NOTICE.md */ = {isa = PBXFileReference; fileEncoding = 4; lastKnownFileType = net.daringfireball.markdown; path = NOTICE.md; sourceTree = SOURCE_ROOT; };
		6F24FDA7245E48730006590A /* README.md */ = {isa = PBXFileReference; fileEncoding = 4; lastKnownFileType = net.daringfireball.markdown; path = README.md; sourceTree = SOURCE_ROOT; };
		6F24FDA8245E48730006590A /* LICENSE */ = {isa = PBXFileReference; fileEncoding = 4; lastKnownFileType = text; path = LICENSE; sourceTree = SOURCE_ROOT; };
		6F24FDAC245F8EC10006590A /* ShipsClock.app */ = {isa = PBXFileReference; explicitFileType = wrapper.application; includeInIndex = 0; path = ShipsClock.app; sourceTree = BUILT_PRODUCTS_DIR; };
		6F37A35E27339E190016A38C /* ClockUTC.swift */ = {isa = PBXFileReference; fileEncoding = 4; lastKnownFileType = sourcecode.swift; path = ClockUTC.swift; sourceTree = "<group>"; };
		6F40411B247F47CB00B1BF5D /* ClockBackground.swift */ = {isa = PBXFileReference; fileEncoding = 4; lastKnownFileType = sourcecode.swift; path = ClockBackground.swift; sourceTree = "<group>"; };
		6F40411D247F47DE00B1BF5D /* ClockHands.swift */ = {isa = PBXFileReference; fileEncoding = 4; lastKnownFileType = sourcecode.swift; path = ClockHands.swift; sourceTree = "<group>"; };
		6F40411F2485DB4700B1BF5D /* ClockSun.swift */ = {isa = PBXFileReference; lastKnownFileType = sourcecode.swift; path = ClockSun.swift; sourceTree = "<group>"; };
		6F404121248BD0D500B1BF5D /* ShipsClockTests-Bridging-Header.h */ = {isa = PBXFileReference; lastKnownFileType = sourcecode.c.h; path = "ShipsClockTests-Bridging-Header.h"; sourceTree = "<group>"; };
		6F404122248BD0D600B1BF5D /* SunCalcTest.swift */ = {isa = PBXFileReference; lastKnownFileType = sourcecode.swift; path = SunCalcTest.swift; sourceTree = "<group>"; };
		6F4197032AD44E5800654890 /* ShipsClockTests.xctest */ = {isa = PBXFileReference; explicitFileType = wrapper.cfbundle; includeInIndex = 0; path = ShipsClockTests.xctest; sourceTree = BUILT_PRODUCTS_DIR; };
		6F4197042AD44E5800654890 /* ShipsClockUITests.xctest */ = {isa = PBXFileReference; explicitFileType = wrapper.cfbundle; includeInIndex = 0; path = ShipsClockUITests.xctest; sourceTree = BUILT_PRODUCTS_DIR; };
		6F4758882561608200E78298 /* CelestialTime.swift */ = {isa = PBXFileReference; lastKnownFileType = sourcecode.swift; path = CelestialTime.swift; sourceTree = "<group>"; };
		6F5F631924D1E4B900172BC4 /* MoonCalculator.swift */ = {isa = PBXFileReference; lastKnownFileType = sourcecode.swift; path = MoonCalculator.swift; sourceTree = "<group>"; };
		6F5F631B24D47E3A00172BC4 /* MoonCalcTest.swift */ = {isa = PBXFileReference; lastKnownFileType = sourcecode.swift; path = MoonCalcTest.swift; sourceTree = "<group>"; };
		6F6029432726F65C009359D4 /* ClockGeometry.swift */ = {isa = PBXFileReference; lastKnownFileType = sourcecode.swift; path = ClockGeometry.swift; sourceTree = "<group>"; };
		6F725BEC255D796200CC85A3 /* README.TXT */ = {isa = PBXFileReference; lastKnownFileType = text; path = README.TXT; sourceTree = "<group>"; };
		6F725BED255D796200CC85A3 /* ELP_PERT.S1 */ = {isa = PBXFileReference; lastKnownFileType = text; path = ELP_PERT.S1; sourceTree = "<group>"; };
		6F725BEE255D796200CC85A3 /* ELP_MAIN.S3 */ = {isa = PBXFileReference; lastKnownFileType = text; path = ELP_MAIN.S3; sourceTree = "<group>"; };
		6F725BEF255D796200CC85A3 /* ELP_MAIN.S2 */ = {isa = PBXFileReference; lastKnownFileType = text; path = ELP_MAIN.S2; sourceTree = "<group>"; };
		6F725BF0255D796200CC85A3 /* pert2csv.sh */ = {isa = PBXFileReference; lastKnownFileType = text.script.sh; path = pert2csv.sh; sourceTree = "<group>"; };
		6F725BF1255D796200CC85A3 /* elpmpp02.pdf */ = {isa = PBXFileReference; lastKnownFileType = image.pdf; path = elpmpp02.pdf; sourceTree = "<group>"; };
		6F725BF2255D796200CC85A3 /* main2swift.awk */ = {isa = PBXFileReference; lastKnownFileType = text; path = main2swift.awk; sourceTree = "<group>"; };
		6F725BF3255D796200CC85A3 /* ELP_PERT.S2 */ = {isa = PBXFileReference; lastKnownFileType = text; path = ELP_PERT.S2; sourceTree = "<group>"; };
		6F725BF4255D796200CC85A3 /* ELP_MAIN.S1 */ = {isa = PBXFileReference; lastKnownFileType = text; path = ELP_MAIN.S1; sourceTree = "<group>"; };
		6F725BF5255D796200CC85A3 /* ELP_PERT.S3 */ = {isa = PBXFileReference; lastKnownFileType = text; path = ELP_PERT.S3; sourceTree = "<group>"; };
		6F725BF6255D796200CC85A3 /* pert2csv.awk */ = {isa = PBXFileReference; lastKnownFileType = text; path = pert2csv.awk; sourceTree = "<group>"; };
		6F725BF7255D796200CC85A3 /* aa3101.pdf */ = {isa = PBXFileReference; lastKnownFileType = image.pdf; path = aa3101.pdf; sourceTree = "<group>"; };
		6F725BF8255D796200CC85A3 /* ELPMPP02.for */ = {isa = PBXFileReference; lastKnownFileType = sourcecode.fortran; path = ELPMPP02.for; sourceTree = "<group>"; };
		6F725C03255D8A8900CC85A3 /* Makefile */ = {isa = PBXFileReference; lastKnownFileType = sourcecode.make; path = Makefile; sourceTree = "<group>"; };
		6F73EBC228C594880049C1BF /* ClockModel.swift */ = {isa = PBXFileReference; lastKnownFileType = sourcecode.swift; path = ClockModel.swift; sourceTree = "<group>"; };
		6F77AF03244FDD4E0070DB57 /* ShipsClock.swift */ = {isa = PBXFileReference; lastKnownFileType = sourcecode.swift; path = ShipsClock.swift; sourceTree = "<group>"; };
		6F7B2C2A299D0E0800979037 /* ShipsClock.entitlements */ = {isa = PBXFileReference; lastKnownFileType = text.plist.entitlements; path = ShipsClock.entitlements; sourceTree = "<group>"; };
		6F7DAC20259430830053E24C /* LocationFormatterTest.swift */ = {isa = PBXFileReference; lastKnownFileType = sourcecode.swift; path = LocationFormatterTest.swift; sourceTree = "<group>"; };
		6F7DAC25259431510053E24C /* LocationFormatter.swift */ = {isa = PBXFileReference; fileEncoding = 4; lastKnownFileType = sourcecode.swift; path = LocationFormatter.swift; sourceTree = "<group>"; };
		6F8FEC8E2469B3D300A1FAE7 /* BellRinger.swift */ = {isa = PBXFileReference; lastKnownFileType = sourcecode.swift; path = BellRinger.swift; sourceTree = "<group>"; };
		6F8FEC96246C1F9F00A1FAE7 /* LocationTracker.swift */ = {isa = PBXFileReference; lastKnownFileType = sourcecode.swift; path = LocationTracker.swift; sourceTree = "<group>"; };
		6F8FEC98246C4FE000A1FAE7 /* SituationDisplay.swift */ = {isa = PBXFileReference; lastKnownFileType = sourcecode.swift; path = SituationDisplay.swift; sourceTree = "<group>"; };
		6F94C92D2ACE0764005C1A8E /* NotifierRinger.swift */ = {isa = PBXFileReference; fileEncoding = 4; lastKnownFileType = sourcecode.swift; path = NotifierRinger.swift; sourceTree = "<group>"; };
		6FAC63B7256C1EF800C2C834 /* MoonPhase.swift */ = {isa = PBXFileReference; lastKnownFileType = sourcecode.swift; path = MoonPhase.swift; sourceTree = "<group>"; };
		6FAC63BC256C419400C2C834 /* MoonPhaseTest.swift */ = {isa = PBXFileReference; fileEncoding = 4; lastKnownFileType = sourcecode.swift; path = MoonPhaseTest.swift; sourceTree = "<group>"; };
		6FAECDA92565897300B91A82 /* EclToEqu.swift */ = {isa = PBXFileReference; lastKnownFileType = sourcecode.swift; path = EclToEqu.swift; sourceTree = "<group>"; };
		6FAECDAF25658BFC00B91A82 /* EclToEquTest.swift */ = {isa = PBXFileReference; lastKnownFileType = sourcecode.swift; path = EclToEquTest.swift; sourceTree = "<group>"; };
		6FAECDBA2566C0E800B91A82 /* CelestialTimeTest.swift */ = {isa = PBXFileReference; lastKnownFileType = sourcecode.swift; path = CelestialTimeTest.swift; sourceTree = "<group>"; };
		6FAECDBF2568138100B91A82 /* ClockMoon.swift */ = {isa = PBXFileReference; fileEncoding = 4; lastKnownFileType = sourcecode.swift; path = ClockMoon.swift; sourceTree = "<group>"; };
		6FB8A1302AB3806F003D4FF8 /* TimeModel.swift */ = {isa = PBXFileReference; lastKnownFileType = sourcecode.swift; path = TimeModel.swift; sourceTree = "<group>"; };
		6FB8A1342AB3A4DB003D4FF8 /* TimerTicker.swift */ = {isa = PBXFileReference; lastKnownFileType = sourcecode.swift; path = TimerTicker.swift; sourceTree = "<group>"; };
		6FB8A1362AB3ABCA003D4FF8 /* UpdatableClock.swift */ = {isa = PBXFileReference; lastKnownFileType = sourcecode.swift; path = UpdatableClock.swift; sourceTree = "<group>"; };
		6FCCEE84249652D800F18212 /* SunCalculator.swift */ = {isa = PBXFileReference; fileEncoding = 4; lastKnownFileType = sourcecode.swift; path = SunCalculator.swift; sourceTree = "<group>"; };
		6FCCEE872497051A00F18212 /* CelestialComputer.swift */ = {isa = PBXFileReference; lastKnownFileType = sourcecode.swift; name = CelestialComputer.swift; path = ShipsClock/CelestialComputer.swift; sourceTree = SOURCE_ROOT; };
		6FE9AFAC243F9CA8002B45BA /* AppDelegate.swift */ = {isa = PBXFileReference; lastKnownFileType = sourcecode.swift; path = AppDelegate.swift; sourceTree = "<group>"; };
		6FE9AFAE243F9CA8002B45BA /* SceneDelegate.swift */ = {isa = PBXFileReference; lastKnownFileType = sourcecode.swift; path = SceneDelegate.swift; sourceTree = "<group>"; };
		6FE9AFB0243F9CA8002B45BA /* ContentView.swift */ = {isa = PBXFileReference; lastKnownFileType = sourcecode.swift; path = ContentView.swift; sourceTree = "<group>"; };
		6FE9AFB2243F9CAA002B45BA /* Assets.xcassets */ = {isa = PBXFileReference; lastKnownFileType = folder.assetcatalog; path = Assets.xcassets; sourceTree = "<group>"; };
		6FE9AFB5243F9CAA002B45BA /* Preview Assets.xcassets */ = {isa = PBXFileReference; lastKnownFileType = folder.assetcatalog; path = "Preview Assets.xcassets"; sourceTree = "<group>"; };
		6FE9AFB8243F9CAA002B45BA /* Base */ = {isa = PBXFileReference; lastKnownFileType = file.storyboard; name = Base; path = Base.lproj/LaunchScreen.storyboard; sourceTree = "<group>"; };
		6FE9AFBA243F9CAA002B45BA /* Info.plist */ = {isa = PBXFileReference; lastKnownFileType = text.plist.xml; path = Info.plist; sourceTree = "<group>"; };
		6FE9AFC5243F9CAA002B45BA /* Info.plist */ = {isa = PBXFileReference; lastKnownFileType = text.plist.xml; path = Info.plist; sourceTree = "<group>"; };
		6FE9AFCE243F9CAA002B45BA /* ShipsClockUITests.swift */ = {isa = PBXFileReference; lastKnownFileType = sourcecode.swift; path = ShipsClockUITests.swift; sourceTree = "<group>"; };
		6FE9AFD0243F9CAA002B45BA /* Info.plist */ = {isa = PBXFileReference; lastKnownFileType = text.plist.xml; path = Info.plist; sourceTree = "<group>"; };
		6FE9AFDE243FBB79002B45BA /* ClockFace.swift */ = {isa = PBXFileReference; lastKnownFileType = sourcecode.swift; path = ClockFace.swift; sourceTree = "<group>"; };
/* End PBXFileReference section */

/* Begin PBXFrameworksBuildPhase section */
		6FE9AFA6243F9CA8002B45BA /* Frameworks */ = {
			isa = PBXFrameworksBuildPhase;
			buildActionMask = 2147483647;
			files = (
			);
			runOnlyForDeploymentPostprocessing = 0;
		};
		6FE9AFBC243F9CAA002B45BA /* Frameworks */ = {
			isa = PBXFrameworksBuildPhase;
			buildActionMask = 2147483647;
			files = (
			);
			runOnlyForDeploymentPostprocessing = 0;
		};
		6FE9AFC7243F9CAA002B45BA /* Frameworks */ = {
			isa = PBXFrameworksBuildPhase;
			buildActionMask = 2147483647;
			files = (
			);
			runOnlyForDeploymentPostprocessing = 0;
		};
/* End PBXFrameworksBuildPhase section */

/* Begin PBXGroup section */
		6F725BEB255D796200CC85A3 /* ELPmpp02 */ = {
			isa = PBXGroup;
			children = (
				6F725C03255D8A8900CC85A3 /* Makefile */,
				6F725BEC255D796200CC85A3 /* README.TXT */,
				6F725BED255D796200CC85A3 /* ELP_PERT.S1 */,
				6F725BEE255D796200CC85A3 /* ELP_MAIN.S3 */,
				6F725BEF255D796200CC85A3 /* ELP_MAIN.S2 */,
				6F725BF0255D796200CC85A3 /* pert2csv.sh */,
				6F725BF1255D796200CC85A3 /* elpmpp02.pdf */,
				6F725BF2255D796200CC85A3 /* main2swift.awk */,
				6F725BF3255D796200CC85A3 /* ELP_PERT.S2 */,
				6F725BF4255D796200CC85A3 /* ELP_MAIN.S1 */,
				6F725BF5255D796200CC85A3 /* ELP_PERT.S3 */,
				6F725BF6255D796200CC85A3 /* pert2csv.awk */,
				6F725BF7255D796200CC85A3 /* aa3101.pdf */,
				6F725BF8255D796200CC85A3 /* ELPMPP02.for */,
			);
			path = ELPmpp02;
			sourceTree = "<group>";
		};
		6FE9AFA0243F9CA8002B45BA = {
			isa = PBXGroup;
			children = (
				6F725BEB255D796200CC85A3 /* ELPmpp02 */,
				6FE9AFAB243F9CA8002B45BA /* ShipsClock */,
				6FE9AFC2243F9CAA002B45BA /* ShipsClockTests */,
				6FE9AFCD243F9CAA002B45BA /* ShipsClockUITests */,
				6F24FDAC245F8EC10006590A /* ShipsClock.app */,
				6F4197032AD44E5800654890 /* ShipsClockTests.xctest */,
				6F4197042AD44E5800654890 /* ShipsClockUITests.xctest */,
			);
			sourceTree = "<group>";
		};
		6FE9AFAB243F9CA8002B45BA /* ShipsClock */ = {
			isa = PBXGroup;
			children = (
				6F7B2C2A299D0E0800979037 /* ShipsClock.entitlements */,
				6F24FDA8245E48730006590A /* LICENSE */,
				6F24FDA6245E48730006590A /* NOTICE.md */,
				6F24FDA7245E48730006590A /* README.md */,
				6F24FDA5245E485D0006590A /* docs */,
				6F24FDA3245E48480006590A /* sounds */,
				6FE9AFAC243F9CA8002B45BA /* AppDelegate.swift */,
				6FAECDA92565897300B91A82 /* EclToEqu.swift */,
				6FE9AFB0243F9CA8002B45BA /* ContentView.swift */,
				6F8FEC98246C4FE000A1FAE7 /* SituationDisplay.swift */,
				6FE9AFAE243F9CA8002B45BA /* SceneDelegate.swift */,
				6F77AF03244FDD4E0070DB57 /* ShipsClock.swift */,
				6FB8A1362AB3ABCA003D4FF8 /* UpdatableClock.swift */,
				6FB8A1302AB3806F003D4FF8 /* TimeModel.swift */,
				6F73EBC228C594880049C1BF /* ClockModel.swift */,
				6FCCEE872497051A00F18212 /* CelestialComputer.swift */,
				6FAC63B7256C1EF800C2C834 /* MoonPhase.swift */,
				6FCCEE84249652D800F18212 /* SunCalculator.swift */,
				6F4758882561608200E78298 /* CelestialTime.swift */,
				6F5F631924D1E4B900172BC4 /* MoonCalculator.swift */,
				6F94C92D2ACE0764005C1A8E /* NotifierRinger.swift */,
				6F1BBB4F24B7987B0092A54D /* Arcs.swift */,
				6F1BBB4A24B779ED0092A54D /* Julian.swift */,
				6F8FEC96246C1F9F00A1FAE7 /* LocationTracker.swift */,
				6F7DAC25259431510053E24C /* LocationFormatter.swift */,
				6F24FD9D245D2D6A0006590A /* BellSoundFile.swift */,
				6F8FEC8E2469B3D300A1FAE7 /* BellRinger.swift */,
				6F6029432726F65C009359D4 /* ClockGeometry.swift */,
				6FE9AFDE243FBB79002B45BA /* ClockFace.swift */,
				6F40411F2485DB4700B1BF5D /* ClockSun.swift */,
				6FAECDBF2568138100B91A82 /* ClockMoon.swift */,
				6F37A35E27339E190016A38C /* ClockUTC.swift */,
				6F40411B247F47CB00B1BF5D /* ClockBackground.swift */,
				6F40411D247F47DE00B1BF5D /* ClockHands.swift */,
				6F093CA926CFF7DA0091A4B7 /* ClockConfiguration.swift */,
				6FB8A1342AB3A4DB003D4FF8 /* TimerTicker.swift */,
				6FE9AFB2243F9CAA002B45BA /* Assets.xcassets */,
				6FE9AFB7243F9CAA002B45BA /* LaunchScreen.storyboard */,
				6FE9AFBA243F9CAA002B45BA /* Info.plist */,
				6FE9AFB4243F9CAA002B45BA /* Preview Content */,
			);
			path = ShipsClock;
			sourceTree = "<group>";
		};
		6FE9AFB4243F9CAA002B45BA /* Preview Content */ = {
			isa = PBXGroup;
			children = (
				6FE9AFB5243F9CAA002B45BA /* Preview Assets.xcassets */,
			);
			path = "Preview Content";
			sourceTree = "<group>";
		};
		6FE9AFC2243F9CAA002B45BA /* ShipsClockTests */ = {
			isa = PBXGroup;
			children = (
				6FAECDBA2566C0E800B91A82 /* CelestialTimeTest.swift */,
				6FAECDAF25658BFC00B91A82 /* EclToEquTest.swift */,
				6F1BBB5124B79B2A0092A54D /* ArcsTest.swift */,
				6FE9AFC5243F9CAA002B45BA /* Info.plist */,
				6FAC63BC256C419400C2C834 /* MoonPhaseTest.swift */,
				6F404122248BD0D600B1BF5D /* SunCalcTest.swift */,
				6F404121248BD0D500B1BF5D /* ShipsClockTests-Bridging-Header.h */,
				6F1BBB4C24B77AB10092A54D /* JulianDayTest.swift */,
				6F5F631B24D47E3A00172BC4 /* MoonCalcTest.swift */,
				6F7DAC20259430830053E24C /* LocationFormatterTest.swift */,
				6F093CA726CFF42E0091A4B7 /* SettingsTest.swift */,
			);
			path = ShipsClockTests;
			sourceTree = "<group>";
		};
		6FE9AFCD243F9CAA002B45BA /* ShipsClockUITests */ = {
			isa = PBXGroup;
			children = (
				6FE9AFCE243F9CAA002B45BA /* ShipsClockUITests.swift */,
				6FE9AFD0243F9CAA002B45BA /* Info.plist */,
			);
			path = ShipsClockUITests;
			sourceTree = "<group>";
		};
/* End PBXGroup section */

/* Begin PBXNativeTarget section */
		6FE9AFA8243F9CA8002B45BA /* ShipsClock */ = {
			isa = PBXNativeTarget;
			buildConfigurationList = 6FE9AFD3243F9CAA002B45BA /* Build configuration list for PBXNativeTarget "ShipsClock" */;
			buildPhases = (
				6FE9AFA5243F9CA8002B45BA /* Sources */,
				6FE9AFA6243F9CA8002B45BA /* Frameworks */,
				6FE9AFA7243F9CA8002B45BA /* Resources */,
				6F60291A2726D794009359D4 /* Embed Foundation Extensions */,
				6F60293F2726EE0F009359D4 /* Embed Frameworks */,
				6F19EEA928B9AC12009C0738 /* Embed Watch Content */,
			);
			buildRules = (
			);
			dependencies = (
			);
			name = ShipsClock;
			productName = ShipsClock;
			productReference = 6F24FDAC245F8EC10006590A /* ShipsClock.app */;
			productType = "com.apple.product-type.application";
		};
		6FE9AFBE243F9CAA002B45BA /* ShipsClockTests */ = {
			isa = PBXNativeTarget;
			buildConfigurationList = 6FE9AFD6243F9CAA002B45BA /* Build configuration list for PBXNativeTarget "ShipsClockTests" */;
			buildPhases = (
				6FE9AFBB243F9CAA002B45BA /* Sources */,
				6FE9AFBC243F9CAA002B45BA /* Frameworks */,
				6FE9AFBD243F9CAA002B45BA /* Resources */,
			);
			buildRules = (
			);
			dependencies = (
				6FE9AFC1243F9CAA002B45BA /* PBXTargetDependency */,
			);
			name = ShipsClockTests;
			productName = ShipsClockTests;
			productReference = 6F4197032AD44E5800654890 /* ShipsClockTests.xctest */;
			productType = "com.apple.product-type.bundle.unit-test";
		};
		6FE9AFC9243F9CAA002B45BA /* ShipsClockUITests */ = {
			isa = PBXNativeTarget;
			buildConfigurationList = 6FE9AFD9243F9CAA002B45BA /* Build configuration list for PBXNativeTarget "ShipsClockUITests" */;
			buildPhases = (
				6FE9AFC6243F9CAA002B45BA /* Sources */,
				6FE9AFC7243F9CAA002B45BA /* Frameworks */,
				6FE9AFC8243F9CAA002B45BA /* Resources */,
			);
			buildRules = (
			);
			dependencies = (
				6FE9AFCC243F9CAA002B45BA /* PBXTargetDependency */,
			);
			name = ShipsClockUITests;
			productName = ShipsClockUITests;
			productReference = 6F4197042AD44E5800654890 /* ShipsClockUITests.xctest */;
			productType = "com.apple.product-type.bundle.ui-testing";
		};
/* End PBXNativeTarget section */

/* Begin PBXProject section */
		6FE9AFA1243F9CA8002B45BA /* Project object */ = {
			isa = PBXProject;
			attributes = {
				BuildIndependentTargetsInParallel = YES;
				LastSwiftUpdateCheck = 1340;
				LastUpgradeCheck = 1500;
				ORGANIZATIONNAME = "Douglas Lovell";
				TargetAttributes = {
					6FE9AFA8243F9CA8002B45BA = {
						CreatedOnToolsVersion = 11.4;
					};
					6FE9AFBE243F9CAA002B45BA = {
						CreatedOnToolsVersion = 11.4;
						LastSwiftMigration = 1150;
						TestTargetID = 6FE9AFA8243F9CA8002B45BA;
					};
					6FE9AFC9243F9CAA002B45BA = {
						CreatedOnToolsVersion = 11.4;
						TestTargetID = 6FE9AFA8243F9CA8002B45BA;
					};
				};
			};
			buildConfigurationList = 6FE9AFA4243F9CA8002B45BA /* Build configuration list for PBXProject "ShipsClock" */;
			compatibilityVersion = "Xcode 9.3";
			developmentRegion = en;
			hasScannedForEncodings = 0;
			knownRegions = (
				en,
				Base,
			);
			mainGroup = 6FE9AFA0243F9CA8002B45BA;
			productRefGroup = 6FE9AFA0243F9CA8002B45BA;
			projectDirPath = "";
			projectRoot = "";
			targets = (
				6FE9AFA8243F9CA8002B45BA /* ShipsClock */,
				6FE9AFBE243F9CAA002B45BA /* ShipsClockTests */,
				6FE9AFC9243F9CAA002B45BA /* ShipsClockUITests */,
			);
		};
/* End PBXProject section */

/* Begin PBXResourcesBuildPhase section */
		6FE9AFA7243F9CA8002B45BA /* Resources */ = {
			isa = PBXResourcesBuildPhase;
			buildActionMask = 2147483647;
			files = (
				6F24FDAA245E48730006590A /* README.md in Resources */,
				6FE9AFB9243F9CAA002B45BA /* LaunchScreen.storyboard in Resources */,
				6FE9AFB6243F9CAA002B45BA /* Preview Assets.xcassets in Resources */,
				6F24FDAB245E48730006590A /* LICENSE in Resources */,
				6F24FDA4245E48480006590A /* sounds in Resources */,
				6FE9AFB3243F9CAA002B45BA /* Assets.xcassets in Resources */,
				6F24FDA9245E48730006590A /* NOTICE.md in Resources */,
			);
			runOnlyForDeploymentPostprocessing = 0;
		};
		6FE9AFBD243F9CAA002B45BA /* Resources */ = {
			isa = PBXResourcesBuildPhase;
			buildActionMask = 2147483647;
			files = (
			);
			runOnlyForDeploymentPostprocessing = 0;
		};
		6FE9AFC8243F9CAA002B45BA /* Resources */ = {
			isa = PBXResourcesBuildPhase;
			buildActionMask = 2147483647;
			files = (
			);
			runOnlyForDeploymentPostprocessing = 0;
		};
/* End PBXResourcesBuildPhase section */

/* Begin PBXSourcesBuildPhase section */
		6FE9AFA5243F9CA8002B45BA /* Sources */ = {
			isa = PBXSourcesBuildPhase;
			buildActionMask = 2147483647;
			files = (
				6F4758892561608200E78298 /* CelestialTime.swift in Sources */,
				6F40411E247F47DE00B1BF5D /* ClockHands.swift in Sources */,
				6FAECDC02568138100B91A82 /* ClockMoon.swift in Sources */,
				6F77AF04244FDD4E0070DB57 /* ShipsClock.swift in Sources */,
				6F4041202485DB4700B1BF5D /* ClockSun.swift in Sources */,
				6F37A35F27339E190016A38C /* ClockUTC.swift in Sources */,
				6F8FEC97246C1F9F00A1FAE7 /* LocationTracker.swift in Sources */,
				6FE9AFAD243F9CA8002B45BA /* AppDelegate.swift in Sources */,
				6F24FD9E245D2D6A0006590A /* BellSoundFile.swift in Sources */,
				6F73EBC328C594880049C1BF /* ClockModel.swift in Sources */,
				6F5F631A24D1E4B900172BC4 /* MoonCalculator.swift in Sources */,
				6F40411C247F47CB00B1BF5D /* ClockBackground.swift in Sources */,
				6F8FEC8F2469B3D300A1FAE7 /* BellRinger.swift in Sources */,
				6FAECDAA2565897300B91A82 /* EclToEqu.swift in Sources */,
				6FE9AFDF243FBB79002B45BA /* ClockFace.swift in Sources */,
				6F94C92E2ACE0764005C1A8E /* NotifierRinger.swift in Sources */,
				6FB8A1372AB3ABCA003D4FF8 /* UpdatableClock.swift in Sources */,
				6FB8A1352AB3A4DB003D4FF8 /* TimerTicker.swift in Sources */,
				6FAC63B8256C1EF800C2C834 /* MoonPhase.swift in Sources */,
				6F093CAA26CFF7DA0091A4B7 /* ClockConfiguration.swift in Sources */,
				6F6029442726F65C009359D4 /* ClockGeometry.swift in Sources */,
				6F1BBB4B24B779ED0092A54D /* Julian.swift in Sources */,
				6FB8A1322AB380E7003D4FF8 /* TimeModel.swift in Sources */,
				6F8FEC99246C4FE000A1FAE7 /* SituationDisplay.swift in Sources */,
				6F1BBB5024B7987B0092A54D /* Arcs.swift in Sources */,
				6FE9AFAF243F9CA8002B45BA /* SceneDelegate.swift in Sources */,
				6F7DAC26259431510053E24C /* LocationFormatter.swift in Sources */,
				6FCCEE882497051A00F18212 /* CelestialComputer.swift in Sources */,
				6FCCEE85249652D800F18212 /* SunCalculator.swift in Sources */,
				6FE9AFB1243F9CA8002B45BA /* ContentView.swift in Sources */,
			);
			runOnlyForDeploymentPostprocessing = 0;
		};
		6FE9AFBB243F9CAA002B45BA /* Sources */ = {
			isa = PBXSourcesBuildPhase;
			buildActionMask = 2147483647;
			files = (
				6FCCEE862496531D00F18212 /* SunCalculator.swift in Sources */,
				6FAECDAB2565897300B91A82 /* EclToEqu.swift in Sources */,
				6FAC63BD256C419400C2C834 /* MoonPhaseTest.swift in Sources */,
				6F404123248BD0D600B1BF5D /* SunCalcTest.swift in Sources */,
				6F5F631D24D481B100172BC4 /* MoonCalculator.swift in Sources */,
				6F1BBB4E24B77B350092A54D /* Julian.swift in Sources */,
				6F94CAD628C5065100941D26 /* CelestialComputer.swift in Sources */,
				6FB9E6AA28C50E050089E60C /* LocationTracker.swift in Sources */,
				6F1BBB5224B79B2A0092A54D /* ArcsTest.swift in Sources */,
				6F1BBB5324B79C070092A54D /* Arcs.swift in Sources */,
				6FB8A1332AB380EC003D4FF8 /* TimeModel.swift in Sources */,
				6FAECDB025658BFC00B91A82 /* EclToEquTest.swift in Sources */,
				6F093CAB26CFF7DA0091A4B7 /* ClockConfiguration.swift in Sources */,
				6F7DAC27259431510053E24C /* LocationFormatter.swift in Sources */,
				6FAC63C1256C424E00C2C834 /* MoonPhase.swift in Sources */,
				6F9877A12ACEEDB700605AF6 /* UpdatableClock.swift in Sources */,
				6F47588A2561608200E78298 /* CelestialTime.swift in Sources */,
				6F093CA826CFF42E0091A4B7 /* SettingsTest.swift in Sources */,
				6F5F631C24D47E3A00172BC4 /* MoonCalcTest.swift in Sources */,
				6F1BBB4D24B77AB10092A54D /* JulianDayTest.swift in Sources */,
				6FAECDBB2566C0E800B91A82 /* CelestialTimeTest.swift in Sources */,
				6F7DAC21259430830053E24C /* LocationFormatterTest.swift in Sources */,
			);
			runOnlyForDeploymentPostprocessing = 0;
		};
		6FE9AFC6243F9CAA002B45BA /* Sources */ = {
			isa = PBXSourcesBuildPhase;
			buildActionMask = 2147483647;
			files = (
				6FE9AFCF243F9CAA002B45BA /* ShipsClockUITests.swift in Sources */,
			);
			runOnlyForDeploymentPostprocessing = 0;
		};
/* End PBXSourcesBuildPhase section */

/* Begin PBXTargetDependency section */
		6FE9AFC1243F9CAA002B45BA /* PBXTargetDependency */ = {
			isa = PBXTargetDependency;
			target = 6FE9AFA8243F9CA8002B45BA /* ShipsClock */;
			targetProxy = 6FE9AFC0243F9CAA002B45BA /* PBXContainerItemProxy */;
		};
		6FE9AFCC243F9CAA002B45BA /* PBXTargetDependency */ = {
			isa = PBXTargetDependency;
			target = 6FE9AFA8243F9CA8002B45BA /* ShipsClock */;
			targetProxy = 6FE9AFCB243F9CAA002B45BA /* PBXContainerItemProxy */;
		};
/* End PBXTargetDependency section */

/* Begin PBXVariantGroup section */
		6FE9AFB7243F9CAA002B45BA /* LaunchScreen.storyboard */ = {
			isa = PBXVariantGroup;
			children = (
				6FE9AFB8243F9CAA002B45BA /* Base */,
			);
			name = LaunchScreen.storyboard;
			sourceTree = "<group>";
		};
/* End PBXVariantGroup section */

/* Begin XCBuildConfiguration section */
		6FE9AFD1243F9CAA002B45BA /* Debug */ = {
			isa = XCBuildConfiguration;
			buildSettings = {
				ALWAYS_SEARCH_USER_PATHS = NO;
				ASSETCATALOG_COMPILER_GENERATE_SWIFT_ASSET_SYMBOL_EXTENSIONS = YES;
				CLANG_ANALYZER_NONNULL = YES;
				CLANG_ANALYZER_NUMBER_OBJECT_CONVERSION = YES_AGGRESSIVE;
				CLANG_CXX_LANGUAGE_STANDARD = "gnu++14";
				CLANG_CXX_LIBRARY = "libc++";
				CLANG_ENABLE_MODULES = YES;
				CLANG_ENABLE_OBJC_ARC = YES;
				CLANG_ENABLE_OBJC_WEAK = YES;
				CLANG_WARN_BLOCK_CAPTURE_AUTORELEASING = YES;
				CLANG_WARN_BOOL_CONVERSION = YES;
				CLANG_WARN_COMMA = YES;
				CLANG_WARN_CONSTANT_CONVERSION = YES;
				CLANG_WARN_DEPRECATED_OBJC_IMPLEMENTATIONS = YES;
				CLANG_WARN_DIRECT_OBJC_ISA_USAGE = YES_ERROR;
				CLANG_WARN_DOCUMENTATION_COMMENTS = YES;
				CLANG_WARN_EMPTY_BODY = YES;
				CLANG_WARN_ENUM_CONVERSION = YES;
				CLANG_WARN_INFINITE_RECURSION = YES;
				CLANG_WARN_INT_CONVERSION = YES;
				CLANG_WARN_NON_LITERAL_NULL_CONVERSION = YES;
				CLANG_WARN_OBJC_IMPLICIT_RETAIN_SELF = YES;
				CLANG_WARN_OBJC_LITERAL_CONVERSION = YES;
				CLANG_WARN_OBJC_ROOT_CLASS = YES_ERROR;
				CLANG_WARN_QUOTED_INCLUDE_IN_FRAMEWORK_HEADER = YES;
				CLANG_WARN_RANGE_LOOP_ANALYSIS = YES;
				CLANG_WARN_STRICT_PROTOTYPES = YES;
				CLANG_WARN_SUSPICIOUS_MOVE = YES;
				CLANG_WARN_UNGUARDED_AVAILABILITY = YES_AGGRESSIVE;
				CLANG_WARN_UNREACHABLE_CODE = YES;
				CLANG_WARN__DUPLICATE_METHOD_MATCH = YES;
				COPY_PHASE_STRIP = NO;
				DEBUG_INFORMATION_FORMAT = dwarf;
				ENABLE_STRICT_OBJC_MSGSEND = YES;
				ENABLE_TESTABILITY = YES;
				ENABLE_USER_SCRIPT_SANDBOXING = YES;
				GCC_C_LANGUAGE_STANDARD = gnu11;
				GCC_DYNAMIC_NO_PIC = NO;
				GCC_NO_COMMON_BLOCKS = YES;
				GCC_OPTIMIZATION_LEVEL = 0;
				GCC_PREPROCESSOR_DEFINITIONS = (
					"DEBUG=1",
					"$(inherited)",
				);
				GCC_WARN_64_TO_32_BIT_CONVERSION = YES;
				GCC_WARN_ABOUT_RETURN_TYPE = YES_ERROR;
				GCC_WARN_UNDECLARED_SELECTOR = YES;
				GCC_WARN_UNINITIALIZED_AUTOS = YES_AGGRESSIVE;
				GCC_WARN_UNUSED_FUNCTION = YES;
				GCC_WARN_UNUSED_VARIABLE = YES;
				IPHONEOS_DEPLOYMENT_TARGET = 13.4;
				MTL_ENABLE_DEBUG_INFO = INCLUDE_SOURCE;
				MTL_FAST_MATH = YES;
				ONLY_ACTIVE_ARCH = YES;
				SDKROOT = iphoneos;
				SWIFT_ACTIVE_COMPILATION_CONDITIONS = DEBUG;
				SWIFT_OPTIMIZATION_LEVEL = "-Onone";
			};
			name = Debug;
		};
		6FE9AFD2243F9CAA002B45BA /* Release */ = {
			isa = XCBuildConfiguration;
			buildSettings = {
				ALWAYS_SEARCH_USER_PATHS = NO;
				ASSETCATALOG_COMPILER_GENERATE_SWIFT_ASSET_SYMBOL_EXTENSIONS = YES;
				CLANG_ANALYZER_NONNULL = YES;
				CLANG_ANALYZER_NUMBER_OBJECT_CONVERSION = YES_AGGRESSIVE;
				CLANG_CXX_LANGUAGE_STANDARD = "gnu++14";
				CLANG_CXX_LIBRARY = "libc++";
				CLANG_ENABLE_MODULES = YES;
				CLANG_ENABLE_OBJC_ARC = YES;
				CLANG_ENABLE_OBJC_WEAK = YES;
				CLANG_WARN_BLOCK_CAPTURE_AUTORELEASING = YES;
				CLANG_WARN_BOOL_CONVERSION = YES;
				CLANG_WARN_COMMA = YES;
				CLANG_WARN_CONSTANT_CONVERSION = YES;
				CLANG_WARN_DEPRECATED_OBJC_IMPLEMENTATIONS = YES;
				CLANG_WARN_DIRECT_OBJC_ISA_USAGE = YES_ERROR;
				CLANG_WARN_DOCUMENTATION_COMMENTS = YES;
				CLANG_WARN_EMPTY_BODY = YES;
				CLANG_WARN_ENUM_CONVERSION = YES;
				CLANG_WARN_INFINITE_RECURSION = YES;
				CLANG_WARN_INT_CONVERSION = YES;
				CLANG_WARN_NON_LITERAL_NULL_CONVERSION = YES;
				CLANG_WARN_OBJC_IMPLICIT_RETAIN_SELF = YES;
				CLANG_WARN_OBJC_LITERAL_CONVERSION = YES;
				CLANG_WARN_OBJC_ROOT_CLASS = YES_ERROR;
				CLANG_WARN_QUOTED_INCLUDE_IN_FRAMEWORK_HEADER = YES;
				CLANG_WARN_RANGE_LOOP_ANALYSIS = YES;
				CLANG_WARN_STRICT_PROTOTYPES = YES;
				CLANG_WARN_SUSPICIOUS_MOVE = YES;
				CLANG_WARN_UNGUARDED_AVAILABILITY = YES_AGGRESSIVE;
				CLANG_WARN_UNREACHABLE_CODE = YES;
				CLANG_WARN__DUPLICATE_METHOD_MATCH = YES;
				COPY_PHASE_STRIP = NO;
				DEBUG_INFORMATION_FORMAT = "dwarf-with-dsym";
				ENABLE_NS_ASSERTIONS = NO;
				ENABLE_STRICT_OBJC_MSGSEND = YES;
				ENABLE_USER_SCRIPT_SANDBOXING = YES;
				GCC_C_LANGUAGE_STANDARD = gnu11;
				GCC_NO_COMMON_BLOCKS = YES;
				GCC_WARN_64_TO_32_BIT_CONVERSION = YES;
				GCC_WARN_ABOUT_RETURN_TYPE = YES_ERROR;
				GCC_WARN_UNDECLARED_SELECTOR = YES;
				GCC_WARN_UNINITIALIZED_AUTOS = YES_AGGRESSIVE;
				GCC_WARN_UNUSED_FUNCTION = YES;
				GCC_WARN_UNUSED_VARIABLE = YES;
				IPHONEOS_DEPLOYMENT_TARGET = 13.4;
				MTL_ENABLE_DEBUG_INFO = NO;
				MTL_FAST_MATH = YES;
				SDKROOT = iphoneos;
				SWIFT_COMPILATION_MODE = wholemodule;
				SWIFT_OPTIMIZATION_LEVEL = "-O";
				VALIDATE_PRODUCT = YES;
			};
			name = Release;
		};
		6FE9AFD4243F9CAA002B45BA /* Debug */ = {
			isa = XCBuildConfiguration;
			buildSettings = {
				ALWAYS_EMBED_SWIFT_STANDARD_LIBRARIES = YES;
				ASSETCATALOG_COMPILER_APPICON_NAME = AppIcon;
				CODE_SIGN_ENTITLEMENTS = ShipsClock/ShipsClock.entitlements;
				CODE_SIGN_IDENTITY = "Apple Development";
				CODE_SIGN_STYLE = Automatic;
				CURRENT_PROJECT_VERSION = 15;
				DEVELOPMENT_ASSET_PATHS = "\"ShipsClock/Preview Content\"";
				DEVELOPMENT_TEAM = 9QGTTGV2S5;
				ENABLE_PREVIEWS = YES;
				INFOPLIST_FILE = ShipsClock/Info.plist;
				INFOPLIST_KEY_LSApplicationCategoryType = "public.app-category.lifestyle";
				IPHONEOS_DEPLOYMENT_TARGET = 13.6;
				LD_RUNPATH_SEARCH_PATHS = (
					"$(inherited)",
					"@executable_path/Frameworks",
				);
				MARKETING_VERSION = 1.3.2;
				PRODUCT_BUNDLE_IDENTIFIER = com.wbreeze.ShipsClock;
				PRODUCT_NAME = ShipsClock;
				PROVISIONING_PROFILE_SPECIFIER = "";
				SWIFT_VERSION = 5.0;
				TARGETED_DEVICE_FAMILY = "1,2";
			};
			name = Debug;
		};
		6FE9AFD5243F9CAA002B45BA /* Release */ = {
			isa = XCBuildConfiguration;
			buildSettings = {
				ALWAYS_EMBED_SWIFT_STANDARD_LIBRARIES = YES;
				ASSETCATALOG_COMPILER_APPICON_NAME = AppIcon;
				CODE_SIGN_ENTITLEMENTS = ShipsClock/ShipsClock.entitlements;
				CODE_SIGN_IDENTITY = "Apple Development";
				CODE_SIGN_STYLE = Automatic;
				CURRENT_PROJECT_VERSION = 15;
				DEVELOPMENT_ASSET_PATHS = "\"ShipsClock/Preview Content\"";
				DEVELOPMENT_TEAM = 9QGTTGV2S5;
				ENABLE_PREVIEWS = YES;
				INFOPLIST_FILE = ShipsClock/Info.plist;
				INFOPLIST_KEY_LSApplicationCategoryType = "public.app-category.lifestyle";
				IPHONEOS_DEPLOYMENT_TARGET = 13.6;
				LD_RUNPATH_SEARCH_PATHS = (
					"$(inherited)",
					"@executable_path/Frameworks",
				);
				MARKETING_VERSION = 1.3.2;
				PRODUCT_BUNDLE_IDENTIFIER = com.wbreeze.ShipsClock;
				PRODUCT_NAME = ShipsClock;
				PROVISIONING_PROFILE_SPECIFIER = "";
				SWIFT_VERSION = 5.0;
				TARGETED_DEVICE_FAMILY = "1,2";
			};
			name = Release;
		};
		6FE9AFD7243F9CAA002B45BA /* Debug */ = {
			isa = XCBuildConfiguration;
			buildSettings = {
				ALWAYS_EMBED_SWIFT_STANDARD_LIBRARIES = YES;
				BUNDLE_LOADER = "$(TEST_HOST)";
				CLANG_ENABLE_MODULES = YES;
				CODE_SIGN_STYLE = Automatic;
				DEVELOPMENT_TEAM = 9QGTTGV2S5;
				INFOPLIST_FILE = ShipsClockTests/Info.plist;
				IPHONEOS_DEPLOYMENT_TARGET = 13.4;
				LD_RUNPATH_SEARCH_PATHS = (
					"$(inherited)",
					"@executable_path/Frameworks",
					"@loader_path/Frameworks",
				);
				PRODUCT_BUNDLE_IDENTIFIER = com.wbreeze.ShipsClockTests;
				PRODUCT_NAME = "$(TARGET_NAME)";
				SWIFT_OBJC_BRIDGING_HEADER = "ShipsClockTests/ShipsClockTests-Bridging-Header.h";
				SWIFT_OPTIMIZATION_LEVEL = "-Onone";
				SWIFT_VERSION = 5.0;
				TARGETED_DEVICE_FAMILY = "1,2";
				TEST_HOST = "$(BUILT_PRODUCTS_DIR)/ShipsClock.app/ShipsClock";
			};
			name = Debug;
		};
		6FE9AFD8243F9CAA002B45BA /* Release */ = {
			isa = XCBuildConfiguration;
			buildSettings = {
				ALWAYS_EMBED_SWIFT_STANDARD_LIBRARIES = YES;
				BUNDLE_LOADER = "$(TEST_HOST)";
				CLANG_ENABLE_MODULES = YES;
				CODE_SIGN_STYLE = Automatic;
				DEVELOPMENT_TEAM = 9QGTTGV2S5;
				INFOPLIST_FILE = ShipsClockTests/Info.plist;
				IPHONEOS_DEPLOYMENT_TARGET = 13.4;
				LD_RUNPATH_SEARCH_PATHS = (
					"$(inherited)",
					"@executable_path/Frameworks",
					"@loader_path/Frameworks",
				);
				PRODUCT_BUNDLE_IDENTIFIER = com.wbreeze.ShipsClockTests;
				PRODUCT_NAME = "$(TARGET_NAME)";
				SWIFT_OBJC_BRIDGING_HEADER = "ShipsClockTests/ShipsClockTests-Bridging-Header.h";
				SWIFT_VERSION = 5.0;
				TARGETED_DEVICE_FAMILY = "1,2";
				TEST_HOST = "$(BUILT_PRODUCTS_DIR)/ShipsClock.app/ShipsClock";
			};
			name = Release;
		};
		6FE9AFDA243F9CAA002B45BA /* Debug */ = {
			isa = XCBuildConfiguration;
			buildSettings = {
				ALWAYS_EMBED_SWIFT_STANDARD_LIBRARIES = YES;
				CODE_SIGN_STYLE = Automatic;
				DEVELOPMENT_TEAM = 9QGTTGV2S5;
				INFOPLIST_FILE = ShipsClockUITests/Info.plist;
				LD_RUNPATH_SEARCH_PATHS = (
					"$(inherited)",
					"@executable_path/Frameworks",
					"@loader_path/Frameworks",
				);
				PRODUCT_BUNDLE_IDENTIFIER = com.wbreeze.ShipsClockUITests;
				PRODUCT_NAME = "$(TARGET_NAME)";
				SWIFT_VERSION = 5.0;
				TARGETED_DEVICE_FAMILY = "1,2";
				TEST_TARGET_NAME = ShipsClock;
			};
			name = Debug;
		};
		6FE9AFDB243F9CAA002B45BA /* Release */ = {
			isa = XCBuildConfiguration;
			buildSettings = {
				ALWAYS_EMBED_SWIFT_STANDARD_LIBRARIES = YES;
				CODE_SIGN_STYLE = Automatic;
				DEVELOPMENT_TEAM = 9QGTTGV2S5;
				INFOPLIST_FILE = ShipsClockUITests/Info.plist;
				LD_RUNPATH_SEARCH_PATHS = (
					"$(inherited)",
					"@executable_path/Frameworks",
					"@loader_path/Frameworks",
				);
				PRODUCT_BUNDLE_IDENTIFIER = com.wbreeze.ShipsClockUITests;
				PRODUCT_NAME = "$(TARGET_NAME)";
				SWIFT_VERSION = 5.0;
				TARGETED_DEVICE_FAMILY = "1,2";
				TEST_TARGET_NAME = ShipsClock;
			};
			name = Release;
		};
/* End XCBuildConfiguration section */

/* Begin XCConfigurationList section */
		6FE9AFA4243F9CA8002B45BA /* Build configuration list for PBXProject "ShipsClock" */ = {
			isa = XCConfigurationList;
			buildConfigurations = (
				6FE9AFD1243F9CAA002B45BA /* Debug */,
				6FE9AFD2243F9CAA002B45BA /* Release */,
			);
			defaultConfigurationIsVisible = 0;
			defaultConfigurationName = Release;
		};
		6FE9AFD3243F9CAA002B45BA /* Build configuration list for PBXNativeTarget "ShipsClock" */ = {
			isa = XCConfigurationList;
			buildConfigurations = (
				6FE9AFD4243F9CAA002B45BA /* Debug */,
				6FE9AFD5243F9CAA002B45BA /* Release */,
			);
			defaultConfigurationIsVisible = 0;
			defaultConfigurationName = Release;
		};
		6FE9AFD6243F9CAA002B45BA /* Build configuration list for PBXNativeTarget "ShipsClockTests" */ = {
			isa = XCConfigurationList;
			buildConfigurations = (
				6FE9AFD7243F9CAA002B45BA /* Debug */,
				6FE9AFD8243F9CAA002B45BA /* Release */,
			);
			defaultConfigurationIsVisible = 0;
			defaultConfigurationName = Release;
		};
		6FE9AFD9243F9CAA002B45BA /* Build configuration list for PBXNativeTarget "ShipsClockUITests" */ = {
			isa = XCConfigurationList;
			buildConfigurations = (
				6FE9AFDA243F9CAA002B45BA /* Debug */,
				6FE9AFDB243F9CAA002B45BA /* Release */,
			);
			defaultConfigurationIsVisible = 0;
			defaultConfigurationName = Release;
		};
/* End XCConfigurationList section */
	};
	rootObject = 6FE9AFA1243F9CA8002B45BA /* Project object */;
}
